{
    "_meta": {
        "hash": {
            "sha256": "03643b65ef8c5c563b2b6ebb6e30865f03ce2575a8a2ed04b1d27a9ec7be97f0"
        },
        "pipfile-spec": 6,
        "requires": {
            "python_version": "3.6"
        },
        "sources": [
            {
                "name": "pypi",
                "url": "https://pypi.org/simple",
                "verify_ssl": true
            }
        ]
    },
    "default": {
        "rpi.gpio": {
            "hashes": [
                "sha256:a5fc0eb5e401963b6c0a03650da6b42c4005f02d962b81241d96c98d0a578516"
            ],
            "index": "pypi",
            "version": "==0.6.3"
        },
        "shiftpy": {
            "hashes": [
                "sha256:c0535518c9f3e04bc6c514a3af325daf4a4fe8c1bd84c44e927151878ddc4041"
            ],
            "index": "pypi",
            "version": "==0.1.3"
        }
    },
    "develop": {}
}
