{
    "_meta": {
        "hash": {
            "sha256": "d84fe176662f478f6ac41f0bd4f981d00873e83386ffa689be012d8850bd768e"
        },
        "pipfile-spec": 6,
        "requires": {
            "python_version": "3.5"
        },
        "sources": [
            {
                "name": "pypi",
                "url": "https://pypi.org/simple",
                "verify_ssl": true
            }
        ]
    },
    "default": {
        "rpi.gpio": {
            "hashes": [
                "sha256:51379ab1ca5badc92e165232e2428046addd46bf3d3f29fb8cf3db4c5c8b97cd",
                "sha256:6e73d35bf526fa284dd84b034eaba096a809411d4eaf90098795bb6ae78e60b4",
                "sha256:a5fc0eb5e401963b6c0a03650da6b42c4005f02d962b81241d96c98d0a578516"
            ],
            "index": "pypi",
            "version": "==0.6.3"
        }
    },
    "develop": {}
}
